
Microsoft Visual Studio Solution File, Format Version 12.00
# Visual Studio Version 17
VisualStudioVersion = 17.3.32929.385
MinimumVisualStudioVersion = 10.0.40219.1
Project("{FAE04EC0-301F-11D3-BF4B-00C04F79EFBC}") = "ConsoleApp78", "ConsoleApp78\ConsoleApp78.csproj", "{75F37F62-3994-405F-BB76-69DC34F8684B}"
EndProject
Global
	GlobalSection(SolutionConfigurationPlatforms) = preSolution
		Debug|Any CPU = Debug|Any CPU
		Release|Any CPU = Release|Any CPU
	EndGlobalSection
	GlobalSection(ProjectConfigurationPlatforms) = postSolution
		{75F37F62-3994-405F-BB76-69DC34F8684B}.Debug|Any CPU.ActiveCfg = Debug|Any CPU
		{75F37F62-3994-405F-BB76-69DC34F8684B}.Debug|Any CPU.Build.0 = Debug|Any CPU
		{75F37F62-3994-405F-BB76-69DC34F8684B}.Release|Any CPU.ActiveCfg = Release|Any CPU
		{75F37F62-3994-405F-BB76-69DC34F8684B}.Release|Any CPU.Build.0 = Release|Any CPU
	EndGlobalSection
	GlobalSection(SolutionProperties) = preSolution
		HideSolutionNode = FALSE
	EndGlobalSection
	GlobalSection(ExtensibilityGlobals) = postSolution
		SolutionGuid = {9B3C5CC2-A64A-4018-8E87-9DA2EFBD25F9}
	EndGlobalSection
EndGlobal
